# This file is automatically @generated by Cargo.
# It is not intended for manual editing.
version = 4

[[package]]
name = "einux-kmod"
version = "0.1.0"
dependencies = [
 "einux-vec",
]

[[package]]
name = "einux-vec"
version = "0.1.0"

[[package]]
name = "rinux-bindings"
version = "0.1.0"

[[package]]
name = "rinux-kernel"
version = "0.1.0"
